
Microsoft Visual Studio Solution File, Format Version 12.00
# Visual Studio Version 17
VisualStudioVersion = 17.3.32825.248
MinimumVisualStudioVersion = 10.0.40219.1
Project("{FAE04EC0-301F-11D3-BF4B-00C04F79EFBC}") = "DevOpsRestApi", "DevOpsRestApi\DevOpsRestApi.csproj", "{A1F7E43E-3C6E-4706-9E30-E5327F8C5792}"
EndProject
Global
	GlobalSection(SolutionConfigurationPlatforms) = preSolution
		Debug|Any CPU = Debug|Any CPU
		Release|Any CPU = Release|Any CPU
	EndGlobalSection
	GlobalSection(ProjectConfigurationPlatforms) = postSolution
		{A1F7E43E-3C6E-4706-9E30-E5327F8C5792}.Debug|Any CPU.ActiveCfg = Debug|Any CPU
		{A1F7E43E-3C6E-4706-9E30-E5327F8C5792}.Debug|Any CPU.Build.0 = Debug|Any CPU
		{A1F7E43E-3C6E-4706-9E30-E5327F8C5792}.Release|Any CPU.ActiveCfg = Release|Any CPU
		{A1F7E43E-3C6E-4706-9E30-E5327F8C5792}.Release|Any CPU.Build.0 = Release|Any CPU
	EndGlobalSection
	GlobalSection(SolutionProperties) = preSolution
		HideSolutionNode = FALSE
	EndGlobalSection
	GlobalSection(ExtensibilityGlobals) = postSolution
		SolutionGuid = {1A2F827C-BFE2-4AE3-8454-4EE3DACFF93A}
	EndGlobalSection
EndGlobal
